Microsoft Visual Studio Solution File, Format Version 12.00
# Visual Studio Version 16
VisualStudioVersion = 16.0.28729.10
MinimumVisualStudioVersion = 10.0.40219.1
Project("{FAE04EC0-301F-11D3-BF4B-00C04F79EFBC}") = "main.Android", "main\main.Android\main.Android.csproj", "{4A76A731-6ABB-4CFA-B87A-11DC31D61898}"
EndProject
Project("{FAE04EC0-301F-11D3-BF4B-00C04F79EFBC}") = "main.iOS", "main\main.iOS\main.iOS.csproj", "{4E061438-6E91-462B-A79B-AC6161C10447}"
EndProject
Project("{9A19103F-16F7-4668-BE54-9A1E7A4F7556}") = "main", "main\main\main.csproj", "{B5ED7E33-1B6D-41B1-856B-3231D2858BA7}"
EndProject
Global
	GlobalSection(SolutionConfigurationPlatforms) = preSolution
		Ad-Hoc|Any CPU = Ad-Hoc|Any CPU
		Ad-Hoc|iPhone = Ad-Hoc|iPhone
		Ad-Hoc|iPhoneSimulator = Ad-Hoc|iPhoneSimulator
		AppStore|Any CPU = AppStore|Any CPU
		AppStore|iPhone = AppStore|iPhone
		AppStore|iPhoneSimulator = AppStore|iPhoneSimulator
		Debug|Any CPU = Debug|Any CPU
		Debug|iPhone = Debug|iPhone
		Debug|iPhoneSimulator = Debug|iPhoneSimulator
		Release|Any CPU = Release|Any CPU
		Release|iPhone = Release|iPhone
		Release|iPhoneSimulator = Release|iPhoneSimulator
	EndGlobalSection
	GlobalSection(ProjectConfigurationPlatforms) = postSolution
		{4A76A731-6ABB-4CFA-B87A-11DC31D61898}.Ad-Hoc|Any CPU.ActiveCfg = Release|Any CPU
		{4A76A731-6ABB-4CFA-B87A-11DC31D61898}.Ad-Hoc|Any CPU.Build.0 = Release|Any CPU
		{4A76A731-6ABB-4CFA-B87A-11DC31D61898}.Ad-Hoc|Any CPU.Deploy.0 = Release|Any CPU
		{4A76A731-6ABB-4CFA-B87A-11DC31D61898}.Ad-Hoc|iPhone.ActiveCfg = Release|Any CPU
		{4A76A731-6ABB-4CFA-B87A-11DC31D61898}.Ad-Hoc|iPhone.Build.0 = Release|Any CPU
		{4A76A731-6ABB-4CFA-B87A-11DC31D61898}.Ad-Hoc|iPhone.Deploy.0 = Release|Any CPU
		{4A76A731-6ABB-4CFA-B87A-11DC31D61898}.Ad-Hoc|iPhoneSimulator.ActiveCfg = Release|Any CPU
		{4A76A731-6ABB-4CFA-B87A-11DC31D61898}.Ad-Hoc|iPhoneSimulator.Build.0 = Release|Any CPU
		{4A76A731-6ABB-4CFA-B87A-11DC31D61898}.Ad-Hoc|iPhoneSimulator.Deploy.0 = Release|Any CPU
		{4A76A731-6ABB-4CFA-B87A-11DC31D61898}.AppStore|Any CPU.ActiveCfg = Release|Any CPU
		{4A76A731-6ABB-4CFA-B87A-11DC31D61898}.AppStore|Any CPU.Build.0 = Release|Any CPU
		{4A76A731-6ABB-4CFA-B87A-11DC31D61898}.AppStore|Any CPU.Deploy.0 = Release|Any CPU
		{4A76A731-6ABB-4CFA-B87A-11DC31D61898}.AppStore|iPhone.ActiveCfg = Release|Any CPU
		{4A76A731-6ABB-4CFA-B87A-11DC31D61898}.AppStore|iPhone.Build.0 = Release|Any CPU
		{4A76A731-6ABB-4CFA-B87A-11DC31D61898}.AppStore|iPhone.Deploy.0 = Release|Any CPU
		{4A76A731-6ABB-4CFA-B87A-11DC31D61898}.AppStore|iPhoneSimulator.ActiveCfg = Release|Any CPU
		{4A76A731-6ABB-4CFA-B87A-11DC31D61898}.AppStore|iPhoneSimulator.Build.0 = Release|Any CPU
		{4A76A731-6ABB-4CFA-B87A-11DC31D61898}.AppStore|iPhoneSimulator.Deploy.0 = Release|Any CPU
		{4A76A731-6ABB-4CFA-B87A-11DC31D61898}.Debug|Any CPU.ActiveCfg = Debug|Any CPU
		{4A76A731-6ABB-4CFA-B87A-11DC31D61898}.Debug|Any CPU.Build.0 = Debug|Any CPU
		{4A76A731-6ABB-4CFA-B87A-11DC31D61898}.Debug|Any CPU.Deploy.0 = Debug|Any CPU
		{4A76A731-6ABB-4CFA-B87A-11DC31D61898}.Debug|iPhone.ActiveCfg = Debug|Any CPU
		{4A76A731-6ABB-4CFA-B87A-11DC31D61898}.Debug|iPhone.Build.0 = Debug|Any CPU
		{4A76A731-6ABB-4CFA-B87A-11DC31D61898}.Debug|iPhone.Deploy.0 = Debug|Any CPU
		{4A76A731-6ABB-4CFA-B87A-11DC31D61898}.Debug|iPhoneSimulator.ActiveCfg = Debug|Any CPU
		{4A76A731-6ABB-4CFA-B87A-11DC31D61898}.Debug|iPhoneSimulator.Build.0 = Debug|Any CPU
		{4A76A731-6ABB-4CFA-B87A-11DC31D61898}.Debug|iPhoneSimulator.Deploy.0 = Debug|Any CPU
		{4A76A731-6ABB-4CFA-B87A-11DC31D61898}.Release|Any CPU.ActiveCfg = Release|Any CPU
		{4A76A731-6ABB-4CFA-B87A-11DC31D61898}.Release|Any CPU.Build.0 = Release|Any CPU
		{4A76A731-6ABB-4CFA-B87A-11DC31D61898}.Release|Any CPU.Deploy.0 = Release|Any CPU
		{4A76A731-6ABB-4CFA-B87A-11DC31D61898}.Release|iPhone.ActiveCfg = Release|Any CPU
		{4A76A731-6ABB-4CFA-B87A-11DC31D61898}.Release|iPhone.Build.0 = Release|Any CPU
		{4A76A731-6ABB-4CFA-B87A-11DC31D61898}.Release|iPhone.Deploy.0 = Release|Any CPU
		{4A76A731-6ABB-4CFA-B87A-11DC31D61898}.Release|iPhoneSimulator.ActiveCfg = Release|Any CPU
		{4A76A731-6ABB-4CFA-B87A-11DC31D61898}.Release|iPhoneSimulator.Build.0 = Release|Any CPU
		{4A76A731-6ABB-4CFA-B87A-11DC31D61898}.Release|iPhoneSimulator.Deploy.0 = Release|Any CPU
		{4E061438-6E91-462B-A79B-AC6161C10447}.Ad-Hoc|Any CPU.ActiveCfg = Release|iPhone
		{4E061438-6E91-462B-A79B-AC6161C10447}.Ad-Hoc|Any CPU.Build.0 = Release|iPhone
		{4E061438-6E91-462B-A79B-AC6161C10447}.Ad-Hoc|iPhone.ActiveCfg = Release|iPhone
		{4E061438-6E91-462B-A79B-AC6161C10447}.Ad-Hoc|iPhone.Build.0 = Release|iPhone
		{4E061438-6E91-462B-A79B-AC6161C10447}.Ad-Hoc|iPhoneSimulator.ActiveCfg = Release|iPhoneSimulator
		{4E061438-6E91-462B-A79B-AC6161C10447}.Ad-Hoc|iPhoneSimulator.Build.0 = Release|iPhoneSimulator
		{4E061438-6E91-462B-A79B-AC6161C10447}.AppStore|Any CPU.ActiveCfg = Release|iPhone
		{4E061438-6E91-462B-A79B-AC6161C10447}.AppStore|Any CPU.Build.0 = Release|iPhone
		{4E061438-6E91-462B-A79B-AC6161C10447}.AppStore|iPhone.ActiveCfg = Release|iPhone
		{4E061438-6E91-462B-A79B-AC6161C10447}.AppStore|iPhone.Build.0 = Release|iPhone
		{4E061438-6E91-462B-A79B-AC6161C10447}.AppStore|iPhoneSimulator.ActiveCfg = Release|iPhoneSimulator
		{4E061438-6E91-462B-A79B-AC6161C10447}.AppStore|iPhoneSimulator.Build.0 = Release|iPhoneSimulator
		{4E061438-6E91-462B-A79B-AC6161C10447}.Debug|Any CPU.ActiveCfg = Debug|iPhone
		{4E061438-6E91-462B-A79B-AC6161C10447}.Debug|iPhone.ActiveCfg = Debug|iPhone
		{4E061438-6E91-462B-A79B-AC6161C10447}.Debug|iPhone.Build.0 = Debug|iPhone
		{4E061438-6E91-462B-A79B-AC6161C10447}.Debug|iPhoneSimulator.ActiveCfg = Debug|iPhoneSimulator
		{4E061438-6E91-462B-A79B-AC6161C10447}.Debug|iPhoneSimulator.Build.0 = Debug|iPhoneSimulator
		{4E061438-6E91-462B-A79B-AC6161C10447}.Release|Any CPU.ActiveCfg = Release|iPhone
		{4E061438-6E91-462B-A79B-AC6161C10447}.Release|iPhone.ActiveCfg = Release|iPhone
		{4E061438-6E91-462B-A79B-AC6161C10447}.Release|iPhone.Build.0 = Release|iPhone
		{4E061438-6E91-462B-A79B-AC6161C10447}.Release|iPhoneSimulator.ActiveCfg = Release|iPhoneSimulator
		{4E061438-6E91-462B-A79B-AC6161C10447}.Release|iPhoneSimulator.Build.0 = Release|iPhoneSimulator
		{B5ED7E33-1B6D-41B1-856B-3231D2858BA7}.Ad-Hoc|Any CPU.ActiveCfg = Debug|Any CPU
		{B5ED7E33-1B6D-41B1-856B-3231D2858BA7}.Ad-Hoc|Any CPU.Build.0 = Debug|Any CPU
		{B5ED7E33-1B6D-41B1-856B-3231D2858BA7}.Ad-Hoc|iPhone.ActiveCfg = Debug|Any CPU
		{B5ED7E33-1B6D-41B1-856B-3231D2858BA7}.Ad-Hoc|iPhone.Build.0 = Debug|Any CPU
		{B5ED7E33-1B6D-41B1-856B-3231D2858BA7}.Ad-Hoc|iPhoneSimulator.ActiveCfg = Debug|Any CPU
		{B5ED7E33-1B6D-41B1-856B-3231D2858BA7}.Ad-Hoc|iPhoneSimulator.Build.0 = Debug|Any CPU
		{B5ED7E33-1B6D-41B1-856B-3231D2858BA7}.AppStore|Any CPU.ActiveCfg = Debug|Any CPU
		{B5ED7E33-1B6D-41B1-856B-3231D2858BA7}.AppStore|Any CPU.Build.0 = Debug|Any CPU
		{B5ED7E33-1B6D-41B1-856B-3231D2858BA7}.AppStore|iPhone.ActiveCfg = Debug|Any CPU
		{B5ED7E33-1B6D-41B1-856B-3231D2858BA7}.AppStore|iPhone.Build.0 = Debug|Any CPU
		{B5ED7E33-1B6D-41B1-856B-3231D2858BA7}.AppStore|iPhoneSimulator.ActiveCfg = Debug|Any CPU
		{B5ED7E33-1B6D-41B1-856B-3231D2858BA7}.AppStore|iPhoneSimulator.Build.0 = Debug|Any CPU
		{B5ED7E33-1B6D-41B1-856B-3231D2858BA7}.Debug|Any CPU.ActiveCfg = Debug|Any CPU
		{B5ED7E33-1B6D-41B1-856B-3231D2858BA7}.Debug|Any CPU.Build.0 = Debug|Any CPU
		{B5ED7E33-1B6D-41B1-856B-3231D2858BA7}.Debug|iPhone.ActiveCfg = Debug|Any CPU
		{B5ED7E33-1B6D-41B1-856B-3231D2858BA7}.Debug|iPhone.Build.0 = Debug|Any CPU
		{B5ED7E33-1B6D-41B1-856B-3231D2858BA7}.Debug|iPhoneSimulator.ActiveCfg = Debug|Any CPU
		{B5ED7E33-1B6D-41B1-856B-3231D2858BA7}.Debug|iPhoneSimulator.Build.0 = Debug|Any CPU
		{B5ED7E33-1B6D-41B1-856B-3231D2858BA7}.Release|Any CPU.ActiveCfg = Release|Any CPU
		{B5ED7E33-1B6D-41B1-856B-3231D2858BA7}.Release|Any CPU.Build.0 = Release|Any CPU
		{B5ED7E33-1B6D-41B1-856B-3231D2858BA7}.Release|iPhone.ActiveCfg = Release|Any CPU
		{B5ED7E33-1B6D-41B1-856B-3231D2858BA7}.Release|iPhone.Build.0 = Release|Any CPU
		{B5ED7E33-1B6D-41B1-856B-3231D2858BA7}.Release|iPhoneSimulator.ActiveCfg = Release|Any CPU
		{B5ED7E33-1B6D-41B1-856B-3231D2858BA7}.Release|iPhoneSimulator.Build.0 = Release|Any CPU
	EndGlobalSection
	GlobalSection(SolutionProperties) = preSolution
		HideSolutionNode = FALSE
	EndGlobalSection
	GlobalSection(ExtensibilityGlobals) = postSolution
		SolutionGuid = {B08CADD8-C5A5-41FF-AAA6-14A0231FFD6F}
	EndGlobalSection
EndGlobal
